
Microsoft Visual Studio Solution File, Format Version 12.00
# Visual Studio Version 17
VisualStudioVersion = 17.5.002.0
MinimumVisualStudioVersion = 10.0.40219.1
Project("{9A19103F-16F7-4668-BE54-9A1E7A4F7556}") = "UlidTest", "UlidTest.csproj", "{6DEDE606-8709-4D54-9EB5-9A5C5EEF1C7C}"
EndProject
Global
	GlobalSection(SolutionConfigurationPlatforms) = preSolution
		Debug|Any CPU = Debug|Any CPU
		Release|Any CPU = Release|Any CPU
	EndGlobalSection
	GlobalSection(ProjectConfigurationPlatforms) = postSolution
		{6DEDE606-8709-4D54-9EB5-9A5C5EEF1C7C}.Debug|Any CPU.ActiveCfg = Debug|Any CPU
		{6DEDE606-8709-4D54-9EB5-9A5C5EEF1C7C}.Debug|Any CPU.Build.0 = Debug|Any CPU
		{6DEDE606-8709-4D54-9EB5-9A5C5EEF1C7C}.Release|Any CPU.ActiveCfg = Release|Any CPU
		{6DEDE606-8709-4D54-9EB5-9A5C5EEF1C7C}.Release|Any CPU.Build.0 = Release|Any CPU
	EndGlobalSection
	GlobalSection(SolutionProperties) = preSolution
		HideSolutionNode = FALSE
	EndGlobalSection
	GlobalSection(ExtensibilityGlobals) = postSolution
		SolutionGuid = {86F16E78-3E37-46D1-A48C-E142E569BD69}
	EndGlobalSection
EndGlobal
